
Microsoft Visual Studio Solution File, Format Version 12.00
# Visual Studio Version 17
VisualStudioVersion = 17.13.35825.156 d17.13
MinimumVisualStudioVersion = 10.0.40219.1
Project("{FAE04EC0-301F-11D3-BF4B-00C04F79EFBC}") = "WinFormsApp100", "WinFormsApp100.csproj", "{649B6025-1E35-2DE6-172A-750DD8EB1B1A}"
EndProject
Global
	GlobalSection(SolutionConfigurationPlatforms) = preSolution
		Debug|Any CPU = Debug|Any CPU
		Release|Any CPU = Release|Any CPU
	EndGlobalSection
	GlobalSection(ProjectConfigurationPlatforms) = postSolution
		{649B6025-1E35-2DE6-172A-750DD8EB1B1A}.Debug|Any CPU.ActiveCfg = Debug|Any CPU
		{649B6025-1E35-2DE6-172A-750DD8EB1B1A}.Debug|Any CPU.Build.0 = Debug|Any CPU
		{649B6025-1E35-2DE6-172A-750DD8EB1B1A}.Release|Any CPU.ActiveCfg = Release|Any CPU
		{649B6025-1E35-2DE6-172A-750DD8EB1B1A}.Release|Any CPU.Build.0 = Release|Any CPU
	EndGlobalSection
	GlobalSection(SolutionProperties) = preSolution
		HideSolutionNode = FALSE
	EndGlobalSection
	GlobalSection(ExtensibilityGlobals) = postSolution
		SolutionGuid = {951F9CAD-A3B4-4291-A29A-6B3D283E815D}
	EndGlobalSection
EndGlobal
